
Microsoft Visual Studio Solution File, Format Version 12.00
# Visual Studio 2013
VisualStudioVersion = 12.0.30723.0
MinimumVisualStudioVersion = 10.0.40219.1
Project("{FAE04EC0-301F-11D3-BF4B-00C04F79EFBC}") = "MSV.Web", "MSV.Web\MSV.Web.csproj", "{BC91C783-BEF8-4F56-9CD3-90D6FE2EBAFB}"
EndProject
Project("{FAE04EC0-301F-11D3-BF4B-00C04F79EFBC}") = "MSV.Core", "MSV.Core\MSV.Core.csproj", "{27ADF2A0-2F4F-4086-92DC-396FD22EBC3A}"
EndProject
Global
	GlobalSection(SolutionConfigurationPlatforms) = preSolution
		Debug|Any CPU = Debug|Any CPU
		Release|Any CPU = Release|Any CPU
	EndGlobalSection
	GlobalSection(ProjectConfigurationPlatforms) = postSolution
		{BC91C783-BEF8-4F56-9CD3-90D6FE2EBAFB}.Debug|Any CPU.ActiveCfg = Debug|Any CPU
		{BC91C783-BEF8-4F56-9CD3-90D6FE2EBAFB}.Debug|Any CPU.Build.0 = Debug|Any CPU
		{BC91C783-BEF8-4F56-9CD3-90D6FE2EBAFB}.Release|Any CPU.ActiveCfg = Release|Any CPU
		{BC91C783-BEF8-4F56-9CD3-90D6FE2EBAFB}.Release|Any CPU.Build.0 = Release|Any CPU
		{27ADF2A0-2F4F-4086-92DC-396FD22EBC3A}.Debug|Any CPU.ActiveCfg = Debug|Any CPU
		{27ADF2A0-2F4F-4086-92DC-396FD22EBC3A}.Debug|Any CPU.Build.0 = Debug|Any CPU
		{27ADF2A0-2F4F-4086-92DC-396FD22EBC3A}.Release|Any CPU.ActiveCfg = Release|Any CPU
		{27ADF2A0-2F4F-4086-92DC-396FD22EBC3A}.Release|Any CPU.Build.0 = Release|Any CPU
	EndGlobalSection
	GlobalSection(SolutionProperties) = preSolution
		HideSolutionNode = FALSE
	EndGlobalSection
EndGlobal
